
Microsoft Visual Studio Solution File, Format Version 12.00
# Visual Studio Version 16
VisualStudioVersion = 16.0.31205.134
MinimumVisualStudioVersion = 10.0.40219.1
Project("{FAE04EC0-301F-11D3-BF4B-00C04F79EFBC}") = "PokeApi", "PokeApi\PokeApi.csproj", "{1868B0D5-D303-4F68-B896-9CC98AD870F5}"
EndProject
Project("{FAE04EC0-301F-11D3-BF4B-00C04F79EFBC}") = "PokeApi.AppService", "PokeApi.AppService\PokeApi.AppService.csproj", "{AC7D7625-1772-46D6-A1CD-5D6F4C88B729}"
EndProject
Global
	GlobalSection(SolutionConfigurationPlatforms) = preSolution
		Debug|Any CPU = Debug|Any CPU
		Release|Any CPU = Release|Any CPU
	EndGlobalSection
	GlobalSection(ProjectConfigurationPlatforms) = postSolution
		{1868B0D5-D303-4F68-B896-9CC98AD870F5}.Debug|Any CPU.ActiveCfg = Debug|Any CPU
		{1868B0D5-D303-4F68-B896-9CC98AD870F5}.Debug|Any CPU.Build.0 = Debug|Any CPU
		{1868B0D5-D303-4F68-B896-9CC98AD870F5}.Release|Any CPU.ActiveCfg = Release|Any CPU
		{1868B0D5-D303-4F68-B896-9CC98AD870F5}.Release|Any CPU.Build.0 = Release|Any CPU
		{AC7D7625-1772-46D6-A1CD-5D6F4C88B729}.Debug|Any CPU.ActiveCfg = Debug|Any CPU
		{AC7D7625-1772-46D6-A1CD-5D6F4C88B729}.Debug|Any CPU.Build.0 = Debug|Any CPU
		{AC7D7625-1772-46D6-A1CD-5D6F4C88B729}.Release|Any CPU.ActiveCfg = Release|Any CPU
		{AC7D7625-1772-46D6-A1CD-5D6F4C88B729}.Release|Any CPU.Build.0 = Release|Any CPU
	EndGlobalSection
	GlobalSection(SolutionProperties) = preSolution
		HideSolutionNode = FALSE
	EndGlobalSection
	GlobalSection(ExtensibilityGlobals) = postSolution
		SolutionGuid = {ED4CD5DA-6AB9-4CE3-B2CF-130340093F2E}
	EndGlobalSection
EndGlobal
